
Microsoft Visual Studio Solution File, Format Version 12.00
# Visual Studio Express 2012 for Web
Project("{FAE04EC0-301F-11D3-BF4B-00C04F79EFBC}") = "PartyScheduler", "PartyScheduler\PartyScheduler.csproj", "{A203B2F6-883A-425A-8CCE-11CB9FD48B62}"
EndProject
Global
	GlobalSection(SolutionConfigurationPlatforms) = preSolution
		Debug|Any CPU = Debug|Any CPU
		Release|Any CPU = Release|Any CPU
	EndGlobalSection
	GlobalSection(ProjectConfigurationPlatforms) = postSolution
		{A203B2F6-883A-425A-8CCE-11CB9FD48B62}.Debug|Any CPU.ActiveCfg = Debug|Any CPU
		{A203B2F6-883A-425A-8CCE-11CB9FD48B62}.Debug|Any CPU.Build.0 = Debug|Any CPU
		{A203B2F6-883A-425A-8CCE-11CB9FD48B62}.Release|Any CPU.ActiveCfg = Release|Any CPU
		{A203B2F6-883A-425A-8CCE-11CB9FD48B62}.Release|Any CPU.Build.0 = Release|Any CPU
	EndGlobalSection
	GlobalSection(SolutionProperties) = preSolution
		HideSolutionNode = FALSE
	EndGlobalSection
EndGlobal
